// !$*UTF8*$!
{
	archiveVersion = 1;
	classes = {
	};
	objectVersion = 56;
	objects = {

/* Begin PBXBuildFile section */
		BA7D70342B5A53CC0025845F /* AppDelegate.swift in Sources */ = {isa = PBXBuildFile; fileRef = BA7D70332B5A53CC0025845F /* AppDelegate.swift */; };
		BA7D70362B5A53CC0025845F /* SceneDelegate.swift in Sources */ = {isa = PBXBuildFile; fileRef = BA7D70352B5A53CC0025845F /* SceneDelegate.swift */; };
		BA7D70382B5A53CC0025845F /* ViewController.swift in Sources */ = {isa = PBXBuildFile; fileRef = BA7D70372B5A53CC0025845F /* ViewController.swift */; };
		BA7D703B2B5A53CC0025845F /* Main.storyboard in Resources */ = {isa = PBXBuildFile; fileRef = BA7D70392B5A53CC0025845F /* Main.storyboard */; };
		BA7D703D2B5A53CE0025845F /* Assets.xcassets in Resources */ = {isa = PBXBuildFile; fileRef = BA7D703C2B5A53CE0025845F /* Assets.xcassets */; };
		BA7D70402B5A53CE0025845F /* LaunchScreen.storyboard in Resources */ = {isa = PBXBuildFile; fileRef = BA7D703E2B5A53CE0025845F /* LaunchScreen.storyboard */; };
		BA7D70482B5A56D50025845F /* apiCollectionViewCell.swift in Sources */ = {isa = PBXBuildFile; fileRef = BA7D70472B5A56D50025845F /* apiCollectionViewCell.swift */; };
		BA7D704A2B5F85950025845F /* countries_DetailsViewController.swift in Sources */ = {isa = PBXBuildFile; fileRef = BA7D70492B5F85950025845F /* countries_DetailsViewController.swift */; };
		BAB4BBE02B67736E0079DEB4 /* Alamofire in Frameworks */ = {isa = PBXBuildFile; productRef = BAB4BBDF2B67736E0079DEB4 /* Alamofire */; };
/* End PBXBuildFile section */

/* Begin PBXFileReference section */
		BA7D70302B5A53CC0025845F /* APICalling.app */ = {isa = PBXFileReference; explicitFileType = wrapper.application; includeInIndex = 0; path = APICalling.app; sourceTree = BUILT_PRODUCTS_DIR; };
		BA7D70332B5A53CC0025845F /* AppDelegate.swift */ = {isa = PBXFileReference; lastKnownFileType = sourcecode.swift; path = AppDelegate.swift; sourceTree = "<group>"; };
		BA7D70352B5A53CC0025845F /* SceneDelegate.swift */ = {isa = PBXFileReference; lastKnownFileType = sourcecode.swift; path = SceneDelegate.swift; sourceTree = "<group>"; };
		BA7D70372B5A53CC0025845F /* ViewController.swift */ = {isa = PBXFileReference; lastKnownFileType = sourcecode.swift; path = ViewController.swift; sourceTree = "<group>"; };
		BA7D703A2B5A53CC0025845F /* Base */ = {isa = PBXFileReference; lastKnownFileType = file.storyboard; name = Base; path = Base.lproj/Main.storyboard; sourceTree = "<group>"; };
		BA7D703C2B5A53CE0025845F /* Assets.xcassets */ = {isa = PBXFileReference; lastKnownFileType = folder.assetcatalog; path = Assets.xcassets; sourceTree = "<group>"; };
		BA7D703F2B5A53CE0025845F /* Base */ = {isa = PBXFileReference; lastKnownFileType = file.storyboard; name = Base; path = Base.lproj/LaunchScreen.storyboard; sourceTree = "<group>"; };
		BA7D70412B5A53CE0025845F /* Info.plist */ = {isa = PBXFileReference; lastKnownFileType = text.plist.xml; path = Info.plist; sourceTree = "<group>"; };
		BA7D70472B5A56D50025845F /* apiCollectionViewCell.swift */ = {isa = PBXFileReference; lastKnownFileType = sourcecode.swift; path = apiCollectionViewCell.swift; sourceTree = "<group>"; };
		BA7D70492B5F85950025845F /* countries_DetailsViewController.swift */ = {isa = PBXFileReference; lastKnownFileType = sourcecode.swift; path = countries_DetailsViewController.swift; sourceTree = "<group>"; };
/* End PBXFileReference section */

/* Begin PBXFrameworksBuildPhase section */
		BA7D702D2B5A53CC0025845F /* Frameworks */ = {
			isa = PBXFrameworksBuildPhase;
			buildActionMask = 2147483647;
			files = (
				BAB4BBE02B67736E0079DEB4 /* Alamofire in Frameworks */,
			);
			runOnlyForDeploymentPostprocessing = 0;
		};
/* End PBXFrameworksBuildPhase section */

/* Begin PBXGroup section */
		BA7D70272B5A53CC0025845F = {
			isa = PBXGroup;
			children = (
				BA7D70322B5A53CC0025845F /* APICalling */,
				BA7D70312B5A53CC0025845F /* Products */,
			);
			sourceTree = "<group>";
		};
		BA7D70312B5A53CC0025845F /* Products */ = {
			isa = PBXGroup;
			children = (
				BA7D70302B5A53CC0025845F /* APICalling.app */,
			);
			name = Products;
			sourceTree = "<group>";
		};
		BA7D70322B5A53CC0025845F /* APICalling */ = {
			isa = PBXGroup;
			children = (
				BA7D70332B5A53CC0025845F /* AppDelegate.swift */,
				BA7D70352B5A53CC0025845F /* SceneDelegate.swift */,
				BA7D70372B5A53CC0025845F /* ViewController.swift */,
				BA7D70472B5A56D50025845F /* apiCollectionViewCell.swift */,
				BA7D70492B5F85950025845F /* countries_DetailsViewController.swift */,
				BA7D70392B5A53CC0025845F /* Main.storyboard */,
				BA7D703C2B5A53CE0025845F /* Assets.xcassets */,
				BA7D703E2B5A53CE0025845F /* LaunchScreen.storyboard */,
				BA7D70412B5A53CE0025845F /* Info.plist */,
			);
			path = APICalling;
			sourceTree = "<group>";
		};
/* End PBXGroup section */

/* Begin PBXNativeTarget section */
		BA7D702F2B5A53CC0025845F /* APICalling */ = {
			isa = PBXNativeTarget;
			buildConfigurationList = BA7D70442B5A53CE0025845F /* Build configuration list for PBXNativeTarget "APICalling" */;
			buildPhases = (
				BA7D702C2B5A53CC0025845F /* Sources */,
				BA7D702D2B5A53CC0025845F /* Frameworks */,
				BA7D702E2B5A53CC0025845F /* Resources */,
			);
			buildRules = (
			);
			dependencies = (
			);
			name = APICalling;
			packageProductDependencies = (
				BAB4BBDF2B67736E0079DEB4 /* Alamofire */,
			);
			productName = APICalling;
			productReference = BA7D70302B5A53CC0025845F /* APICalling.app */;
			productType = "com.apple.product-type.application";
		};
/* End PBXNativeTarget section */

/* Begin PBXProject section */
		BA7D70282B5A53CC0025845F /* Project object */ = {
			isa = PBXProject;
			attributes = {
				BuildIndependentTargetsInParallel = 1;
				LastSwiftUpdateCheck = 1430;
				LastUpgradeCheck = 1430;
				TargetAttributes = {
					BA7D702F2B5A53CC0025845F = {
						CreatedOnToolsVersion = 14.3.1;
					};
				};
			};
			buildConfigurationList = BA7D702B2B5A53CC0025845F /* Build configuration list for PBXProject "APICalling" */;
			compatibilityVersion = "Xcode 14.0";
			developmentRegion = en;
			hasScannedForEncodings = 0;
			knownRegions = (
				en,
				Base,
			);
			mainGroup = BA7D70272B5A53CC0025845F;
			packageReferences = (
				BAB4BBDE2B67736E0079DEB4 /* XCRemoteSwiftPackageReference "Alamofire" */,
			);
			productRefGroup = BA7D70312B5A53CC0025845F /* Products */;
			projectDirPath = "";
			projectRoot = "";
			targets = (
				BA7D702F2B5A53CC0025845F /* APICalling */,
			);
		};
/* End PBXProject section */

/* Begin PBXResourcesBuildPhase section */
		BA7D702E2B5A53CC0025845F /* Resources */ = {
			isa = PBXResourcesBuildPhase;
			buildActionMask = 2147483647;
			files = (
				BA7D70402B5A53CE0025845F /* LaunchScreen.storyboard in Resources */,
				BA7D703D2B5A53CE0025845F /* Assets.xcassets in Resources */,
				BA7D703B2B5A53CC0025845F /* Main.storyboard in Resources */,
			);
			runOnlyForDeploymentPostprocessing = 0;
		};
/* End PBXResourcesBuildPhase section */

/* Begin PBXSourcesBuildPhase section */
		BA7D702C2B5A53CC0025845F /* Sources */ = {
			isa = PBXSourcesBuildPhase;
			buildActionMask = 2147483647;
			files = (
				BA7D70382B5A53CC0025845F /* ViewController.swift in Sources */,
				BA7D70342B5A53CC0025845F /* AppDelegate.swift in Sources */,
				BA7D70362B5A53CC0025845F /* SceneDelegate.swift in Sources */,
				BA7D704A2B5F85950025845F /* countries_DetailsViewController.swift in Sources */,
				BA7D70482B5A56D50025845F /* apiCollectionViewCell.swift in Sources */,
			);
			runOnlyForDeploymentPostprocessing = 0;
		};
/* End PBXSourcesBuildPhase section */

/* Begin PBXVariantGroup section */
		BA7D70392B5A53CC0025845F /* Main.storyboard */ = {
			isa = PBXVariantGroup;
			children = (
				BA7D703A2B5A53CC0025845F /* Base */,
			);
			name = Main.storyboard;
			sourceTree = "<group>";
		};
		BA7D703E2B5A53CE0025845F /* LaunchScreen.storyboard */ = {
			isa = PBXVariantGroup;
			children = (
				BA7D703F2B5A53CE0025845F /* Base */,
			);
			name = LaunchScreen.storyboard;
			sourceTree = "<group>";
		};
/* End PBXVariantGroup section */

/* Begin XCBuildConfiguration section */
		BA7D70422B5A53CE0025845F /* Debug */ = {
			isa = XCBuildConfiguration;
			buildSettings = {
				ALWAYS_SEARCH_USER_PATHS = NO;
				CLANG_ANALYZER_NONNULL = YES;
				CLANG_ANALYZER_NUMBER_OBJECT_CONVERSION = YES_AGGRESSIVE;
				CLANG_CXX_LANGUAGE_STANDARD = "gnu++20";
				CLANG_ENABLE_MODULES = YES;
				CLANG_ENABLE_OBJC_ARC = YES;
				CLANG_ENABLE_OBJC_WEAK = YES;
				CLANG_WARN_BLOCK_CAPTURE_AUTORELEASING = YES;
				CLANG_WARN_BOOL_CONVERSION = YES;
				CLANG_WARN_COMMA = YES;
				CLANG_WARN_CONSTANT_CONVERSION = YES;
				CLANG_WARN_DEPRECATED_OBJC_IMPLEMENTATIONS = YES;
				CLANG_WARN_DIRECT_OBJC_ISA_USAGE = YES_ERROR;
				CLANG_WARN_DOCUMENTATION_COMMENTS = YES;
				CLANG_WARN_EMPTY_BODY = YES;
				CLANG_WARN_ENUM_CONVERSION = YES;
				CLANG_WARN_INFINITE_RECURSION = YES;
				CLANG_WARN_INT_CONVERSION = YES;
				CLANG_WARN_NON_LITERAL_NULL_CONVERSION = YES;
				CLANG_WARN_OBJC_IMPLICIT_RETAIN_SELF = YES;
				CLANG_WARN_OBJC_LITERAL_CONVERSION = YES;
				CLANG_WARN_OBJC_ROOT_CLASS = YES_ERROR;
				CLANG_WARN_QUOTED_INCLUDE_IN_FRAMEWORK_HEADER = YES;
				CLANG_WARN_RANGE_LOOP_ANALYSIS = YES;
				CLANG_WARN_STRICT_PROTOTYPES = YES;
				CLANG_WARN_SUSPICIOUS_MOVE = YES;
				CLANG_WARN_UNGUARDED_AVAILABILITY = YES_AGGRESSIVE;
				CLANG_WARN_UNREACHABLE_CODE = YES;
				CLANG_WARN__DUPLICATE_METHOD_MATCH = YES;
				COPY_PHASE_STRIP = NO;
				DEBUG_INFORMATION_FORMAT = dwarf;
				ENABLE_STRICT_OBJC_MSGSEND = YES;
				ENABLE_TESTABILITY = YES;
				GCC_C_LANGUAGE_STANDARD = gnu11;
				GCC_DYNAMIC_NO_PIC = NO;
				GCC_NO_COMMON_BLOCKS = YES;
				GCC_OPTIMIZATION_LEVEL = 0;
				GCC_PREPROCESSOR_DEFINITIONS = (
					"DEBUG=1",
					"$(inherited)",
				);
				GCC_WARN_64_TO_32_BIT_CONVERSION = YES;
				GCC_WARN_ABOUT_RETURN_TYPE = YES_ERROR;
				GCC_WARN_UNDECLARED_SELECTOR = YES;
				GCC_WARN_UNINITIALIZED_AUTOS = YES_AGGRESSIVE;
				GCC_WARN_UNUSED_FUNCTION = YES;
				GCC_WARN_UNUSED_VARIABLE = YES;
				IPHONEOS_DEPLOYMENT_TARGET = 16.4;
				MTL_ENABLE_DEBUG_INFO = INCLUDE_SOURCE;
				MTL_FAST_MATH = YES;
				ONLY_ACTIVE_ARCH = YES;
				SDKROOT = iphoneos;
				SWIFT_ACTIVE_COMPILATION_CONDITIONS = DEBUG;
				SWIFT_OPTIMIZATION_LEVEL = "-Onone";
			};
			name = Debug;
		};
		BA7D70432B5A53CE0025845F /* Release */ = {
			isa = XCBuildConfiguration;
			buildSettings = {
				ALWAYS_SEARCH_USER_PATHS = NO;
				CLANG_ANALYZER_NONNULL = YES;
				CLANG_ANALYZER_NUMBER_OBJECT_CONVERSION = YES_AGGRESSIVE;
				CLANG_CXX_LANGUAGE_STANDARD = "gnu++20";
				CLANG_ENABLE_MODULES = YES;
				CLANG_ENABLE_OBJC_ARC = YES;
				CLANG_ENABLE_OBJC_WEAK = YES;
				CLANG_WARN_BLOCK_CAPTURE_AUTORELEASING = YES;
				CLANG_WARN_BOOL_CONVERSION = YES;
				CLANG_WARN_COMMA = YES;
				CLANG_WARN_CONSTANT_CONVERSION = YES;
				CLANG_WARN_DEPRECATED_OBJC_IMPLEMENTATIONS = YES;
				CLANG_WARN_DIRECT_OBJC_ISA_USAGE = YES_ERROR;
				CLANG_WARN_DOCUMENTATION_COMMENTS = YES;
				CLANG_WARN_EMPTY_BODY = YES;
				CLANG_WARN_ENUM_CONVERSION = YES;
				CLANG_WARN_INFINITE_RECURSION = YES;
				CLANG_WARN_INT_CONVERSION = YES;
				CLANG_WARN_NON_LITERAL_NULL_CONVERSION = YES;
				CLANG_WARN_OBJC_IMPLICIT_RETAIN_SELF = YES;
				CLANG_WARN_OBJC_LITERAL_CONVERSION = YES;
				CLANG_WARN_OBJC_ROOT_CLASS = YES_ERROR;
				CLANG_WARN_QUOTED_INCLUDE_IN_FRAMEWORK_HEADER = YES;
				CLANG_WARN_RANGE_LOOP_ANALYSIS = YES;
				CLANG_WARN_STRICT_PROTOTYPES = YES;
				CLANG_WARN_SUSPICIOUS_MOVE = YES;
				CLANG_WARN_UNGUARDED_AVAILABILITY = YES_AGGRESSIVE;
				CLANG_WARN_UNREACHABLE_CODE = YES;
				CLANG_WARN__DUPLICATE_METHOD_MATCH = YES;
				COPY_PHASE_STRIP = NO;
				DEBUG_INFORMATION_FORMAT = "dwarf-with-dsym";
				ENABLE_NS_ASSERTIONS = NO;
				ENABLE_STRICT_OBJC_MSGSEND = YES;
				GCC_C_LANGUAGE_STANDARD = gnu11;
				GCC_NO_COMMON_BLOCKS = YES;
				GCC_WARN_64_TO_32_BIT_CONVERSION = YES;
				GCC_WARN_ABOUT_RETURN_TYPE = YES_ERROR;
				GCC_WARN_UNDECLARED_SELECTOR = YES;
				GCC_WARN_UNINITIALIZED_AUTOS = YES_AGGRESSIVE;
				GCC_WARN_UNUSED_FUNCTION = YES;
				GCC_WARN_UNUSED_VARIABLE = YES;
				IPHONEOS_DEPLOYMENT_TARGET = 16.4;
				MTL_ENABLE_DEBUG_INFO = NO;
				MTL_FAST_MATH = YES;
				SDKROOT = iphoneos;
				SWIFT_COMPILATION_MODE = wholemodule;
				SWIFT_OPTIMIZATION_LEVEL = "-O";
				VALIDATE_PRODUCT = YES;
			};
			name = Release;
		};
		BA7D70452B5A53CE0025845F /* Debug */ = {
			isa = XCBuildConfiguration;
			buildSettings = {
				ASSETCATALOG_COMPILER_APPICON_NAME = AppIcon;
				ASSETCATALOG_COMPILER_GLOBAL_ACCENT_COLOR_NAME = AccentColor;
				CODE_SIGN_STYLE = Automatic;
				CURRENT_PROJECT_VERSION = 1;
				GENERATE_INFOPLIST_FILE = YES;
				INFOPLIST_FILE = APICalling/Info.plist;
				INFOPLIST_KEY_UIApplicationSupportsIndirectInputEvents = YES;
				INFOPLIST_KEY_UILaunchStoryboardName = LaunchScreen;
				INFOPLIST_KEY_UIMainStoryboardFile = Main;
				INFOPLIST_KEY_UISupportedInterfaceOrientations_iPad = "UIInterfaceOrientationPortrait UIInterfaceOrientationPortraitUpsideDown UIInterfaceOrientationLandscapeLeft UIInterfaceOrientationLandscapeRight";
				INFOPLIST_KEY_UISupportedInterfaceOrientations_iPhone = "UIInterfaceOrientationPortrait UIInterfaceOrientationLandscapeLeft UIInterfaceOrientationLandscapeRight";
				LD_RUNPATH_SEARCH_PATHS = (
					"$(inherited)",
					"@executable_path/Frameworks",
				);
				MARKETING_VERSION = 1.0;
				PRODUCT_BUNDLE_IDENTIFIER = com.APICalling;
				PRODUCT_NAME = "$(TARGET_NAME)";
				SWIFT_EMIT_LOC_STRINGS = YES;
				SWIFT_VERSION = 5.0;
				TARGETED_DEVICE_FAMILY = "1,2";
			};
			name = Debug;
		};
		BA7D70462B5A53CE0025845F /* Release */ = {
			isa = XCBuildConfiguration;
			buildSettings = {
				ASSETCATALOG_COMPILER_APPICON_NAME = AppIcon;
				ASSETCATALOG_COMPILER_GLOBAL_ACCENT_COLOR_NAME = AccentColor;
				CODE_SIGN_STYLE = Automatic;
				CURRENT_PROJECT_VERSION = 1;
				GENERATE_INFOPLIST_FILE = YES;
				INFOPLIST_FILE = APICalling/Info.plist;
				INFOPLIST_KEY_UIApplicationSupportsIndirectInputEvents = YES;
				INFOPLIST_KEY_UILaunchStoryboardName = LaunchScreen;
				INFOPLIST_KEY_UIMainStoryboardFile = Main;
				INFOPLIST_KEY_UISupportedInterfaceOrientations_iPad = "UIInterfaceOrientationPortrait UIInterfaceOrientationPortraitUpsideDown UIInterfaceOrientationLandscapeLeft UIInterfaceOrientationLandscapeRight";
				INFOPLIST_KEY_UISupportedInterfaceOrientations_iPhone = "UIInterfaceOrientationPortrait UIInterfaceOrientationLandscapeLeft UIInterfaceOrientationLandscapeRight";
				LD_RUNPATH_SEARCH_PATHS = (
					"$(inherited)",
					"@executable_path/Frameworks",
				);
				MARKETING_VERSION = 1.0;
				PRODUCT_BUNDLE_IDENTIFIER = com.APICalling;
				PRODUCT_NAME = "$(TARGET_NAME)";
				SWIFT_EMIT_LOC_STRINGS = YES;
				SWIFT_VERSION = 5.0;
				TARGETED_DEVICE_FAMILY = "1,2";
			};
			name = Release;
		};
/* End XCBuildConfiguration section */

/* Begin XCConfigurationList section */
		BA7D702B2B5A53CC0025845F /* Build configuration list for PBXProject "APICalling" */ = {
			isa = XCConfigurationList;
			buildConfigurations = (
				BA7D70422B5A53CE0025845F /* Debug */,
				BA7D70432B5A53CE0025845F /* Release */,
			);
			defaultConfigurationIsVisible = 0;
			defaultConfigurationName = Release;
		};
		BA7D70442B5A53CE0025845F /* Build configuration list for PBXNativeTarget "APICalling" */ = {
			isa = XCConfigurationList;
			buildConfigurations = (
				BA7D70452B5A53CE0025845F /* Debug */,
				BA7D70462B5A53CE0025845F /* Release */,
			);
			defaultConfigurationIsVisible = 0;
			defaultConfigurationName = Release;
		};
/* End XCConfigurationList section */

/* Begin XCRemoteSwiftPackageReference section */
		BAB4BBDE2B67736E0079DEB4 /* XCRemoteSwiftPackageReference "Alamofire" */ = {
			isa = XCRemoteSwiftPackageReference;
			repositoryURL = "https://github.com/Alamofire/Alamofire";
			requirement = {
				kind = upToNextMajorVersion;
				minimumVersion = 5.0.0;
			};
		};
/* End XCRemoteSwiftPackageReference section */

/* Begin XCSwiftPackageProductDependency section */
		BAB4BBDF2B67736E0079DEB4 /* Alamofire */ = {
			isa = XCSwiftPackageProductDependency;
			package = BAB4BBDE2B67736E0079DEB4 /* XCRemoteSwiftPackageReference "Alamofire" */;
			productName = Alamofire;
		};
/* End XCSwiftPackageProductDependency section */
	};
	rootObject = BA7D70282B5A53CC0025845F /* Project object */;
}
